
Microsoft Visual Studio Solution File, Format Version 12.00
# Visual Studio Version 17
VisualStudioVersion = 17.2.32616.157
MinimumVisualStudioVersion = 15.0.26124.0
Project("{2150E333-8FDC-42A3-9474-1A3956D46DE8}") = "src", "src", "{14C37872-1BB6-42B7-A8EC-BC7907F12D3F}"
	ProjectSection(SolutionItems) = preProject
		HELPER-DEV.txt = HELPER-DEV.txt
		Script_Data.txt = Script_Data.txt
	EndProjectSection
EndProject
Project("{9A19103F-16F7-4668-BE54-9A1E7A4F7556}") = "GaCloudServer.Admin", "src\GaCloudServer.Admin\GaCloudServer.Admin.csproj", "{6DDC606E-CB35-46CA-B845-F96EAC4C19D1}"
EndProject
Project("{9A19103F-16F7-4668-BE54-9A1E7A4F7556}") = "GaCloudServer.STS.Identity", "src\GaCloudServer.STS.Identity\GaCloudServer.STS.Identity.csproj", "{ACA3B59D-FD0C-4A66-AA8F-79FBE06168D4}"
EndProject
Project("{9A19103F-16F7-4668-BE54-9A1E7A4F7556}") = "GaCloudServer.Admin.Api", "src\GaCloudServer.Admin.Api\GaCloudServer.Admin.Api.csproj", "{14BA2662-7593-45AC-8893-FBA1813966CB}"
EndProject
Project("{9A19103F-16F7-4668-BE54-9A1E7A4F7556}") = "GaCloudServer.Admin.EntityFramework.Shared", "src\GaCloudServer.Admin.EntityFramework.Shared\GaCloudServer.Admin.EntityFramework.Shared.csproj", "{BB5155B1-8E46-4C89-BF02-341CE625AD23}"
EndProject
Project("{9A19103F-16F7-4668-BE54-9A1E7A4F7556}") = "GaCloudServer.Admin.EntityFramework.MySql", "src\GaCloudServer.Admin.EntityFramework.MySql\GaCloudServer.Admin.EntityFramework.MySql.csproj", "{F54ED651-65C0-4BB8-9593-ECE3D5BCD246}"
EndProject
Project("{9A19103F-16F7-4668-BE54-9A1E7A4F7556}") = "GaCloudServer.Admin.EntityFramework.PostgreSQL", "src\GaCloudServer.Admin.EntityFramework.PostgreSQL\GaCloudServer.Admin.EntityFramework.PostgreSQL.csproj", "{293FA815-CD41-4840-8CEC-0ABE87C1C572}"
EndProject
Project("{9A19103F-16F7-4668-BE54-9A1E7A4F7556}") = "GaCloudServer.Admin.EntityFramework.SqlServer", "src\GaCloudServer.Admin.EntityFramework.SqlServer\GaCloudServer.Admin.EntityFramework.SqlServer.csproj", "{98027E1F-6FF8-442D-AA4F-292E4B474333}"
EndProject
Project("{9A19103F-16F7-4668-BE54-9A1E7A4F7556}") = "GaCloudServer.Shared", "src\GaCloudServer.Shared\GaCloudServer.Shared.csproj", "{DDAB20B6-76D5-4CC2-B939-D597B65B0A43}"
EndProject
Project("{9A19103F-16F7-4668-BE54-9A1E7A4F7556}") = "GaCloudServer.BusinnessLogic", "GaCloudServer.BusinnessLogic\GaCloudServer.BusinnessLogic.csproj", "{558DEBCA-5AF5-48E2-84BF-1B5A3105CF69}"
EndProject
Project("{9A19103F-16F7-4668-BE54-9A1E7A4F7556}") = "GaCloudServer.Resources.Api", "GaCloudServer.Resources.Api\GaCloudServer.Resources.Api.csproj", "{2AF984C3-02A9-4834-A156-A026A6F8C065}"
EndProject
Project("{2150E333-8FDC-42A3-9474-1A3956D46DE8}") = "Solution Items", "Solution Items", "{6583B80F-A0A8-47A4-AD62-3652543C4658}"
	ProjectSection(SolutionItems) = preProject
		.editorconfig = .editorconfig
	EndProjectSection
EndProject
Project("{9A19103F-16F7-4668-BE54-9A1E7A4F7556}") = "Skoruba.Duende.IdentityServer.Admin.UI", "src\Skoruba.Duende.IdentityServer.Admin.UI\Skoruba.Duende.IdentityServer.Admin.UI.csproj", "{218AACFE-16CB-4114-A6EF-9B4CE7B3CE5B}"
EndProject
Project("{FAE04EC0-301F-11D3-BF4B-00C04F79EFBC}") = "GaCloudServer.Jobs", "GaCloudServer.Jobs\GaCloudServer.Jobs.csproj", "{3494B613-8E85-487C-ADBC-8FE775403148}"
EndProject
Global
	GlobalSection(SolutionConfigurationPlatforms) = preSolution
		Debug|Any CPU = Debug|Any CPU
		Debug|x64 = Debug|x64
		Debug|x86 = Debug|x86
		Release|Any CPU = Release|Any CPU
		Release|x64 = Release|x64
		Release|x86 = Release|x86
	EndGlobalSection
	GlobalSection(ProjectConfigurationPlatforms) = postSolution
		{6DDC606E-CB35-46CA-B845-F96EAC4C19D1}.Debug|Any CPU.ActiveCfg = Debug|Any CPU
		{6DDC606E-CB35-46CA-B845-F96EAC4C19D1}.Debug|Any CPU.Build.0 = Debug|Any CPU
		{6DDC606E-CB35-46CA-B845-F96EAC4C19D1}.Debug|x64.ActiveCfg = Debug|Any CPU
		{6DDC606E-CB35-46CA-B845-F96EAC4C19D1}.Debug|x64.Build.0 = Debug|Any CPU
		{6DDC606E-CB35-46CA-B845-F96EAC4C19D1}.Debug|x86.ActiveCfg = Debug|Any CPU
		{6DDC606E-CB35-46CA-B845-F96EAC4C19D1}.Debug|x86.Build.0 = Debug|Any CPU
		{6DDC606E-CB35-46CA-B845-F96EAC4C19D1}.Release|Any CPU.ActiveCfg = Release|Any CPU
		{6DDC606E-CB35-46CA-B845-F96EAC4C19D1}.Release|Any CPU.Build.0 = Release|Any CPU
		{6DDC606E-CB35-46CA-B845-F96EAC4C19D1}.Release|x64.ActiveCfg = Release|Any CPU
		{6DDC606E-CB35-46CA-B845-F96EAC4C19D1}.Release|x64.Build.0 = Release|Any CPU
		{6DDC606E-CB35-46CA-B845-F96EAC4C19D1}.Release|x86.ActiveCfg = Release|Any CPU
		{6DDC606E-CB35-46CA-B845-F96EAC4C19D1}.Release|x86.Build.0 = Release|Any CPU
		{ACA3B59D-FD0C-4A66-AA8F-79FBE06168D4}.Debug|Any CPU.ActiveCfg = Debug|Any CPU
		{ACA3B59D-FD0C-4A66-AA8F-79FBE06168D4}.Debug|Any CPU.Build.0 = Debug|Any CPU
		{ACA3B59D-FD0C-4A66-AA8F-79FBE06168D4}.Debug|x64.ActiveCfg = Debug|Any CPU
		{ACA3B59D-FD0C-4A66-AA8F-79FBE06168D4}.Debug|x64.Build.0 = Debug|Any CPU
		{ACA3B59D-FD0C-4A66-AA8F-79FBE06168D4}.Debug|x86.ActiveCfg = Debug|Any CPU
		{ACA3B59D-FD0C-4A66-AA8F-79FBE06168D4}.Debug|x86.Build.0 = Debug|Any CPU
		{ACA3B59D-FD0C-4A66-AA8F-79FBE06168D4}.Release|Any CPU.ActiveCfg = Release|Any CPU
		{ACA3B59D-FD0C-4A66-AA8F-79FBE06168D4}.Release|Any CPU.Build.0 = Release|Any CPU
		{ACA3B59D-FD0C-4A66-AA8F-79FBE06168D4}.Release|x64.ActiveCfg = Release|Any CPU
		{ACA3B59D-FD0C-4A66-AA8F-79FBE06168D4}.Release|x64.Build.0 = Release|Any CPU
		{ACA3B59D-FD0C-4A66-AA8F-79FBE06168D4}.Release|x86.ActiveCfg = Release|Any CPU
		{ACA3B59D-FD0C-4A66-AA8F-79FBE06168D4}.Release|x86.Build.0 = Release|Any CPU
		{14BA2662-7593-45AC-8893-FBA1813966CB}.Debug|Any CPU.ActiveCfg = Debug|Any CPU
		{14BA2662-7593-45AC-8893-FBA1813966CB}.Debug|Any CPU.Build.0 = Debug|Any CPU
		{14BA2662-7593-45AC-8893-FBA1813966CB}.Debug|x64.ActiveCfg = Debug|Any CPU
		{14BA2662-7593-45AC-8893-FBA1813966CB}.Debug|x64.Build.0 = Debug|Any CPU
		{14BA2662-7593-45AC-8893-FBA1813966CB}.Debug|x86.ActiveCfg = Debug|Any CPU
		{14BA2662-7593-45AC-8893-FBA1813966CB}.Debug|x86.Build.0 = Debug|Any CPU
		{14BA2662-7593-45AC-8893-FBA1813966CB}.Release|Any CPU.ActiveCfg = Release|Any CPU
		{14BA2662-7593-45AC-8893-FBA1813966CB}.Release|Any CPU.Build.0 = Release|Any CPU
		{14BA2662-7593-45AC-8893-FBA1813966CB}.Release|x64.ActiveCfg = Release|Any CPU
		{14BA2662-7593-45AC-8893-FBA1813966CB}.Release|x64.Build.0 = Release|Any CPU
		{14BA2662-7593-45AC-8893-FBA1813966CB}.Release|x86.ActiveCfg = Release|Any CPU
		{14BA2662-7593-45AC-8893-FBA1813966CB}.Release|x86.Build.0 = Release|Any CPU
		{BB5155B1-8E46-4C89-BF02-341CE625AD23}.Debug|Any CPU.ActiveCfg = Debug|Any CPU
		{BB5155B1-8E46-4C89-BF02-341CE625AD23}.Debug|Any CPU.Build.0 = Debug|Any CPU
		{BB5155B1-8E46-4C89-BF02-341CE625AD23}.Debug|x64.ActiveCfg = Debug|Any CPU
		{BB5155B1-8E46-4C89-BF02-341CE625AD23}.Debug|x64.Build.0 = Debug|Any CPU
		{BB5155B1-8E46-4C89-BF02-341CE625AD23}.Debug|x86.ActiveCfg = Debug|Any CPU
		{BB5155B1-8E46-4C89-BF02-341CE625AD23}.Debug|x86.Build.0 = Debug|Any CPU
		{BB5155B1-8E46-4C89-BF02-341CE625AD23}.Release|Any CPU.ActiveCfg = Release|Any CPU
		{BB5155B1-8E46-4C89-BF02-341CE625AD23}.Release|Any CPU.Build.0 = Release|Any CPU
		{BB5155B1-8E46-4C89-BF02-341CE625AD23}.Release|x64.ActiveCfg = Release|Any CPU
		{BB5155B1-8E46-4C89-BF02-341CE625AD23}.Release|x64.Build.0 = Release|Any CPU
		{BB5155B1-8E46-4C89-BF02-341CE625AD23}.Release|x86.ActiveCfg = Release|Any CPU
		{BB5155B1-8E46-4C89-BF02-341CE625AD23}.Release|x86.Build.0 = Release|Any CPU
		{F54ED651-65C0-4BB8-9593-ECE3D5BCD246}.Debug|Any CPU.ActiveCfg = Debug|Any CPU
		{F54ED651-65C0-4BB8-9593-ECE3D5BCD246}.Debug|Any CPU.Build.0 = Debug|Any CPU
		{F54ED651-65C0-4BB8-9593-ECE3D5BCD246}.Debug|x64.ActiveCfg = Debug|Any CPU
		{F54ED651-65C0-4BB8-9593-ECE3D5BCD246}.Debug|x64.Build.0 = Debug|Any CPU
		{F54ED651-65C0-4BB8-9593-ECE3D5BCD246}.Debug|x86.ActiveCfg = Debug|Any CPU
		{F54ED651-65C0-4BB8-9593-ECE3D5BCD246}.Debug|x86.Build.0 = Debug|Any CPU
		{F54ED651-65C0-4BB8-9593-ECE3D5BCD246}.Release|Any CPU.ActiveCfg = Release|Any CPU
		{F54ED651-65C0-4BB8-9593-ECE3D5BCD246}.Release|Any CPU.Build.0 = Release|Any CPU
		{F54ED651-65C0-4BB8-9593-ECE3D5BCD246}.Release|x64.ActiveCfg = Release|Any CPU
		{F54ED651-65C0-4BB8-9593-ECE3D5BCD246}.Release|x64.Build.0 = Release|Any CPU
		{F54ED651-65C0-4BB8-9593-ECE3D5BCD246}.Release|x86.ActiveCfg = Release|Any CPU
		{F54ED651-65C0-4BB8-9593-ECE3D5BCD246}.Release|x86.Build.0 = Release|Any CPU
		{293FA815-CD41-4840-8CEC-0ABE87C1C572}.Debug|Any CPU.ActiveCfg = Debug|Any CPU
		{293FA815-CD41-4840-8CEC-0ABE87C1C572}.Debug|Any CPU.Build.0 = Debug|Any CPU
		{293FA815-CD41-4840-8CEC-0ABE87C1C572}.Debug|x64.ActiveCfg = Debug|Any CPU
		{293FA815-CD41-4840-8CEC-0ABE87C1C572}.Debug|x64.Build.0 = Debug|Any CPU
		{293FA815-CD41-4840-8CEC-0ABE87C1C572}.Debug|x86.ActiveCfg = Debug|Any CPU
		{293FA815-CD41-4840-8CEC-0ABE87C1C572}.Debug|x86.Build.0 = Debug|Any CPU
		{293FA815-CD41-4840-8CEC-0ABE87C1C572}.Release|Any CPU.ActiveCfg = Release|Any CPU
		{293FA815-CD41-4840-8CEC-0ABE87C1C572}.Release|Any CPU.Build.0 = Release|Any CPU
		{293FA815-CD41-4840-8CEC-0ABE87C1C572}.Release|x64.ActiveCfg = Release|Any CPU
		{293FA815-CD41-4840-8CEC-0ABE87C1C572}.Release|x64.Build.0 = Release|Any CPU
		{293FA815-CD41-4840-8CEC-0ABE87C1C572}.Release|x86.ActiveCfg = Release|Any CPU
		{293FA815-CD41-4840-8CEC-0ABE87C1C572}.Release|x86.Build.0 = Release|Any CPU
		{98027E1F-6FF8-442D-AA4F-292E4B474333}.Debug|Any CPU.ActiveCfg = Debug|Any CPU
		{98027E1F-6FF8-442D-AA4F-292E4B474333}.Debug|Any CPU.Build.0 = Debug|Any CPU
		{98027E1F-6FF8-442D-AA4F-292E4B474333}.Debug|x64.ActiveCfg = Debug|Any CPU
		{98027E1F-6FF8-442D-AA4F-292E4B474333}.Debug|x64.Build.0 = Debug|Any CPU
		{98027E1F-6FF8-442D-AA4F-292E4B474333}.Debug|x86.ActiveCfg = Debug|Any CPU
		{98027E1F-6FF8-442D-AA4F-292E4B474333}.Debug|x86.Build.0 = Debug|Any CPU
		{98027E1F-6FF8-442D-AA4F-292E4B474333}.Release|Any CPU.ActiveCfg = Release|Any CPU
		{98027E1F-6FF8-442D-AA4F-292E4B474333}.Release|Any CPU.Build.0 = Release|Any CPU
		{98027E1F-6FF8-442D-AA4F-292E4B474333}.Release|x64.ActiveCfg = Release|Any CPU
		{98027E1F-6FF8-442D-AA4F-292E4B474333}.Release|x64.Build.0 = Release|Any CPU
		{98027E1F-6FF8-442D-AA4F-292E4B474333}.Release|x86.ActiveCfg = Release|Any CPU
		{98027E1F-6FF8-442D-AA4F-292E4B474333}.Release|x86.Build.0 = Release|Any CPU
		{DDAB20B6-76D5-4CC2-B939-D597B65B0A43}.Debug|Any CPU.ActiveCfg = Debug|Any CPU
		{DDAB20B6-76D5-4CC2-B939-D597B65B0A43}.Debug|Any CPU.Build.0 = Debug|Any CPU
		{DDAB20B6-76D5-4CC2-B939-D597B65B0A43}.Debug|x64.ActiveCfg = Debug|Any CPU
		{DDAB20B6-76D5-4CC2-B939-D597B65B0A43}.Debug|x64.Build.0 = Debug|Any CPU
		{DDAB20B6-76D5-4CC2-B939-D597B65B0A43}.Debug|x86.ActiveCfg = Debug|Any CPU
		{DDAB20B6-76D5-4CC2-B939-D597B65B0A43}.Debug|x86.Build.0 = Debug|Any CPU
		{DDAB20B6-76D5-4CC2-B939-D597B65B0A43}.Release|Any CPU.ActiveCfg = Release|Any CPU
		{DDAB20B6-76D5-4CC2-B939-D597B65B0A43}.Release|Any CPU.Build.0 = Release|Any CPU
		{DDAB20B6-76D5-4CC2-B939-D597B65B0A43}.Release|x64.ActiveCfg = Release|Any CPU
		{DDAB20B6-76D5-4CC2-B939-D597B65B0A43}.Release|x64.Build.0 = Release|Any CPU
		{DDAB20B6-76D5-4CC2-B939-D597B65B0A43}.Release|x86.ActiveCfg = Release|Any CPU
		{DDAB20B6-76D5-4CC2-B939-D597B65B0A43}.Release|x86.Build.0 = Release|Any CPU
		{558DEBCA-5AF5-48E2-84BF-1B5A3105CF69}.Debug|Any CPU.ActiveCfg = Debug|Any CPU
		{558DEBCA-5AF5-48E2-84BF-1B5A3105CF69}.Debug|Any CPU.Build.0 = Debug|Any CPU
		{558DEBCA-5AF5-48E2-84BF-1B5A3105CF69}.Debug|x64.ActiveCfg = Debug|Any CPU
		{558DEBCA-5AF5-48E2-84BF-1B5A3105CF69}.Debug|x64.Build.0 = Debug|Any CPU
		{558DEBCA-5AF5-48E2-84BF-1B5A3105CF69}.Debug|x86.ActiveCfg = Debug|Any CPU
		{558DEBCA-5AF5-48E2-84BF-1B5A3105CF69}.Debug|x86.Build.0 = Debug|Any CPU
		{558DEBCA-5AF5-48E2-84BF-1B5A3105CF69}.Release|Any CPU.ActiveCfg = Release|Any CPU
		{558DEBCA-5AF5-48E2-84BF-1B5A3105CF69}.Release|Any CPU.Build.0 = Release|Any CPU
		{558DEBCA-5AF5-48E2-84BF-1B5A3105CF69}.Release|x64.ActiveCfg = Release|Any CPU
		{558DEBCA-5AF5-48E2-84BF-1B5A3105CF69}.Release|x64.Build.0 = Release|Any CPU
		{558DEBCA-5AF5-48E2-84BF-1B5A3105CF69}.Release|x86.ActiveCfg = Release|Any CPU
		{558DEBCA-5AF5-48E2-84BF-1B5A3105CF69}.Release|x86.Build.0 = Release|Any CPU
		{2AF984C3-02A9-4834-A156-A026A6F8C065}.Debug|Any CPU.ActiveCfg = Debug|Any CPU
		{2AF984C3-02A9-4834-A156-A026A6F8C065}.Debug|Any CPU.Build.0 = Debug|Any CPU
		{2AF984C3-02A9-4834-A156-A026A6F8C065}.Debug|x64.ActiveCfg = Debug|Any CPU
		{2AF984C3-02A9-4834-A156-A026A6F8C065}.Debug|x64.Build.0 = Debug|Any CPU
		{2AF984C3-02A9-4834-A156-A026A6F8C065}.Debug|x86.ActiveCfg = Debug|Any CPU
		{2AF984C3-02A9-4834-A156-A026A6F8C065}.Debug|x86.Build.0 = Debug|Any CPU
		{2AF984C3-02A9-4834-A156-A026A6F8C065}.Release|Any CPU.ActiveCfg = Release|Any CPU
		{2AF984C3-02A9-4834-A156-A026A6F8C065}.Release|Any CPU.Build.0 = Release|Any CPU
		{2AF984C3-02A9-4834-A156-A026A6F8C065}.Release|x64.ActiveCfg = Release|Any CPU
		{2AF984C3-02A9-4834-A156-A026A6F8C065}.Release|x64.Build.0 = Release|Any CPU
		{2AF984C3-02A9-4834-A156-A026A6F8C065}.Release|x86.ActiveCfg = Release|Any CPU
		{2AF984C3-02A9-4834-A156-A026A6F8C065}.Release|x86.Build.0 = Release|Any CPU
		{218AACFE-16CB-4114-A6EF-9B4CE7B3CE5B}.Debug|Any CPU.ActiveCfg = Debug|Any CPU
		{218AACFE-16CB-4114-A6EF-9B4CE7B3CE5B}.Debug|Any CPU.Build.0 = Debug|Any CPU
		{218AACFE-16CB-4114-A6EF-9B4CE7B3CE5B}.Debug|x64.ActiveCfg = Debug|Any CPU
		{218AACFE-16CB-4114-A6EF-9B4CE7B3CE5B}.Debug|x64.Build.0 = Debug|Any CPU
		{218AACFE-16CB-4114-A6EF-9B4CE7B3CE5B}.Debug|x86.ActiveCfg = Debug|Any CPU
		{218AACFE-16CB-4114-A6EF-9B4CE7B3CE5B}.Debug|x86.Build.0 = Debug|Any CPU
		{218AACFE-16CB-4114-A6EF-9B4CE7B3CE5B}.Release|Any CPU.ActiveCfg = Release|Any CPU
		{218AACFE-16CB-4114-A6EF-9B4CE7B3CE5B}.Release|Any CPU.Build.0 = Release|Any CPU
		{218AACFE-16CB-4114-A6EF-9B4CE7B3CE5B}.Release|x64.ActiveCfg = Release|Any CPU
		{218AACFE-16CB-4114-A6EF-9B4CE7B3CE5B}.Release|x64.Build.0 = Release|Any CPU
		{218AACFE-16CB-4114-A6EF-9B4CE7B3CE5B}.Release|x86.ActiveCfg = Release|Any CPU
		{218AACFE-16CB-4114-A6EF-9B4CE7B3CE5B}.Release|x86.Build.0 = Release|Any CPU
		{3494B613-8E85-487C-ADBC-8FE775403148}.Debug|Any CPU.ActiveCfg = Debug|Any CPU
		{3494B613-8E85-487C-ADBC-8FE775403148}.Debug|Any CPU.Build.0 = Debug|Any CPU
		{3494B613-8E85-487C-ADBC-8FE775403148}.Debug|x64.ActiveCfg = Debug|Any CPU
		{3494B613-8E85-487C-ADBC-8FE775403148}.Debug|x64.Build.0 = Debug|Any CPU
		{3494B613-8E85-487C-ADBC-8FE775403148}.Debug|x86.ActiveCfg = Debug|Any CPU
		{3494B613-8E85-487C-ADBC-8FE775403148}.Debug|x86.Build.0 = Debug|Any CPU
		{3494B613-8E85-487C-ADBC-8FE775403148}.Release|Any CPU.ActiveCfg = Release|Any CPU
		{3494B613-8E85-487C-ADBC-8FE775403148}.Release|Any CPU.Build.0 = Release|Any CPU
		{3494B613-8E85-487C-ADBC-8FE775403148}.Release|x64.ActiveCfg = Release|Any CPU
		{3494B613-8E85-487C-ADBC-8FE775403148}.Release|x64.Build.0 = Release|Any CPU
		{3494B613-8E85-487C-ADBC-8FE775403148}.Release|x86.ActiveCfg = Release|Any CPU
		{3494B613-8E85-487C-ADBC-8FE775403148}.Release|x86.Build.0 = Release|Any CPU
	EndGlobalSection
	GlobalSection(SolutionProperties) = preSolution
		HideSolutionNode = FALSE
	EndGlobalSection
	GlobalSection(NestedProjects) = preSolution
		{6DDC606E-CB35-46CA-B845-F96EAC4C19D1} = {14C37872-1BB6-42B7-A8EC-BC7907F12D3F}
		{ACA3B59D-FD0C-4A66-AA8F-79FBE06168D4} = {14C37872-1BB6-42B7-A8EC-BC7907F12D3F}
		{14BA2662-7593-45AC-8893-FBA1813966CB} = {14C37872-1BB6-42B7-A8EC-BC7907F12D3F}
		{BB5155B1-8E46-4C89-BF02-341CE625AD23} = {14C37872-1BB6-42B7-A8EC-BC7907F12D3F}
		{F54ED651-65C0-4BB8-9593-ECE3D5BCD246} = {14C37872-1BB6-42B7-A8EC-BC7907F12D3F}
		{293FA815-CD41-4840-8CEC-0ABE87C1C572} = {14C37872-1BB6-42B7-A8EC-BC7907F12D3F}
		{98027E1F-6FF8-442D-AA4F-292E4B474333} = {14C37872-1BB6-42B7-A8EC-BC7907F12D3F}
		{DDAB20B6-76D5-4CC2-B939-D597B65B0A43} = {14C37872-1BB6-42B7-A8EC-BC7907F12D3F}
		{558DEBCA-5AF5-48E2-84BF-1B5A3105CF69} = {14C37872-1BB6-42B7-A8EC-BC7907F12D3F}
		{2AF984C3-02A9-4834-A156-A026A6F8C065} = {14C37872-1BB6-42B7-A8EC-BC7907F12D3F}
		{218AACFE-16CB-4114-A6EF-9B4CE7B3CE5B} = {14C37872-1BB6-42B7-A8EC-BC7907F12D3F}
		{3494B613-8E85-487C-ADBC-8FE775403148} = {14C37872-1BB6-42B7-A8EC-BC7907F12D3F}
	EndGlobalSection
	GlobalSection(ExtensibilityGlobals) = postSolution
		SolutionGuid = {C5574385-586F-49AE-BBF7-DC83BE30A069}
	EndGlobalSection
EndGlobal
